{
  "nodes": {
    "nixpkgs": {
      "locked": {
        "lastModified": 1769237874,
        "narHash": "sha256-BOjI+3hpgsiJUzNXGZcNGBU+qmZala3BB5TGjfALM9o=",
        "rev": "523257564973361cc3e55e3df3e77e68c20b0b80",
        "type": "tarball",
        "url": "https://releases.nixos.org/nixpkgs/nixpkgs-26.05pre933846.523257564973/nixexprs.tar.xz?lastModified=1769237874&rev=523257564973361cc3e55e3df3e77e68c20b0b80"
      },
      "original": {
        "type": "tarball",
        "url": "https://channels.nixos.org/nixpkgs-unstable/nixexprs.tar.xz"
      }
    },
    "root": {
      "inputs": {
        "nixpkgs": "nixpkgs"
      }
    }
  },
  "root": "root",
  "version": 7
}
