{
  "nodes": {
    "nixpkgs": {
      "locked": {
        "lastModified": 315532800,
        "narHash": "sha256-8cl5fM1fm1oyNRQUj/iFa1HuB6Q1pJ5rAJ5iU7KDpJE=",
        "rev": "90ade7da38aa49c2e2693a04a44662a0e61530e9",
        "type": "tarball",
        "url": "https://releases.nixos.org/nixpkgs/nixpkgs-25.11pre864092.90ade7da38aa/nixexprs.tar.xz?rev=90ade7da38aa49c2e2693a04a44662a0e61530e9"
      },
      "original": {
        "type": "tarball",
        "url": "https://channels.nixos.org/nixpkgs-unstable/nixexprs.tar.xz"
      }
    },
    "root": {
      "inputs": {
        "nixpkgs": "nixpkgs"
      }
    }
  },
  "root": "root",
  "version": 7
}
