{
  "nodes": {
    "nixpkgs": {
      "locked": {
        "lastModified": 315532800,
        "narHash": "sha256-0uqFYuxH4XR+bGVeEhgMRR27F+LSWRMX+9jYlL9yBnE=",
        "rev": "6b0b1559e918d4f7d1df398ee1d33aeac586d4d6",
        "type": "tarball",
        "url": "https://releases.nixos.org/nixpkgs/nixpkgs-25.11pre850990.6b0b1559e918/nixexprs.tar.xz?rev=6b0b1559e918d4f7d1df398ee1d33aeac586d4d6"
      },
      "original": {
        "type": "tarball",
        "url": "https://channels.nixos.org/nixpkgs-unstable/nixexprs.tar.xz"
      }
    },
    "root": {
      "inputs": {
        "nixpkgs": "nixpkgs"
      }
    }
  },
  "root": "root",
  "version": 7
}
